
Microsoft Visual Studio Solution File, Format Version 12.00
# Visual Studio Version 16
VisualStudioVersion = 16.0.30621.155
MinimumVisualStudioVersion = 10.0.40219.1
Project("{FAE04EC0-301F-11D3-BF4B-00C04F79EFBC}") = "Phonebook.Web.API", "Phonebook.Web.API\Phonebook.Web.API.csproj", "{090513E3-391A-4839-B022-73111AD74231}"
EndProject
Global
	GlobalSection(SolutionConfigurationPlatforms) = preSolution
		Debug|Any CPU = Debug|Any CPU
		Release|Any CPU = Release|Any CPU
	EndGlobalSection
	GlobalSection(ProjectConfigurationPlatforms) = postSolution
		{090513E3-391A-4839-B022-73111AD74231}.Debug|Any CPU.ActiveCfg = Debug|Any CPU
		{090513E3-391A-4839-B022-73111AD74231}.Debug|Any CPU.Build.0 = Debug|Any CPU
		{090513E3-391A-4839-B022-73111AD74231}.Release|Any CPU.ActiveCfg = Release|Any CPU
		{090513E3-391A-4839-B022-73111AD74231}.Release|Any CPU.Build.0 = Release|Any CPU
	EndGlobalSection
	GlobalSection(SolutionProperties) = preSolution
		HideSolutionNode = FALSE
	EndGlobalSection
	GlobalSection(ExtensibilityGlobals) = postSolution
		SolutionGuid = {9620FBA1-EB0F-49F3-937D-BD8D356B6D27}
	EndGlobalSection
EndGlobal
