
Microsoft Visual Studio Solution File, Format Version 12.00
# Visual Studio Version 16
VisualStudioVersion = 16.0.30621.155
MinimumVisualStudioVersion = 10.0.40219.1
Project("{9A19103F-16F7-4668-BE54-9A1E7A4F7556}") = "Phonebook.Web.API", "Phonebook.Web.API\Phonebook.Web.API.csproj", "{090513E3-391A-4839-B022-73111AD74231}"
EndProject
Project("{9A19103F-16F7-4668-BE54-9A1E7A4F7556}") = "Phonebook.Data", "Phonebook.Data\Phonebook.Data.csproj", "{B684C60C-83D6-40EF-8556-86D64DAA6206}"
EndProject
Project("{9A19103F-16F7-4668-BE54-9A1E7A4F7556}") = "Phonebook.Constants", "Phonebook.Constants\Phonebook.Constants.csproj", "{03D37AD0-0DA0-4F37-902C-592F9616F867}"
EndProject
Project("{9A19103F-16F7-4668-BE54-9A1E7A4F7556}") = "Phonebook.Domain", "Phonebook.Domain\Phonebook.Domain.csproj", "{F07A5BC3-3FF5-4597-A92C-762F4A443FDA}"
EndProject
Project("{9A19103F-16F7-4668-BE54-9A1E7A4F7556}") = "Phonebook.Service", "Phonebook.Service\Phonebook.Service.csproj", "{FD7DDE2A-4BA4-438F-97D8-4150B2643DE5}"
EndProject
Project("{9A19103F-16F7-4668-BE54-9A1E7A4F7556}") = "Phonebook.Dto", "Phonebook.Dto\Phonebook.Dto.csproj", "{6DC2267D-902A-48E0-A3F0-445EF73A1ADB}"
EndProject
Project("{2150E333-8FDC-42A3-9474-1A3956D46DE8}") = "Solution Items", "Solution Items", "{489D374F-3953-4916-899C-C663133779FF}"
	ProjectSection(SolutionItems) = preProject
		README.md = README.md
	EndProjectSection
EndProject
Global
	GlobalSection(SolutionConfigurationPlatforms) = preSolution
		Debug|Any CPU = Debug|Any CPU
		Release|Any CPU = Release|Any CPU
	EndGlobalSection
	GlobalSection(ProjectConfigurationPlatforms) = postSolution
		{090513E3-391A-4839-B022-73111AD74231}.Debug|Any CPU.ActiveCfg = Debug|Any CPU
		{090513E3-391A-4839-B022-73111AD74231}.Debug|Any CPU.Build.0 = Debug|Any CPU
		{090513E3-391A-4839-B022-73111AD74231}.Release|Any CPU.ActiveCfg = Release|Any CPU
		{090513E3-391A-4839-B022-73111AD74231}.Release|Any CPU.Build.0 = Release|Any CPU
		{B684C60C-83D6-40EF-8556-86D64DAA6206}.Debug|Any CPU.ActiveCfg = Debug|Any CPU
		{B684C60C-83D6-40EF-8556-86D64DAA6206}.Debug|Any CPU.Build.0 = Debug|Any CPU
		{B684C60C-83D6-40EF-8556-86D64DAA6206}.Release|Any CPU.ActiveCfg = Release|Any CPU
		{B684C60C-83D6-40EF-8556-86D64DAA6206}.Release|Any CPU.Build.0 = Release|Any CPU
		{03D37AD0-0DA0-4F37-902C-592F9616F867}.Debug|Any CPU.ActiveCfg = Debug|Any CPU
		{03D37AD0-0DA0-4F37-902C-592F9616F867}.Debug|Any CPU.Build.0 = Debug|Any CPU
		{03D37AD0-0DA0-4F37-902C-592F9616F867}.Release|Any CPU.ActiveCfg = Release|Any CPU
		{03D37AD0-0DA0-4F37-902C-592F9616F867}.Release|Any CPU.Build.0 = Release|Any CPU
		{F07A5BC3-3FF5-4597-A92C-762F4A443FDA}.Debug|Any CPU.ActiveCfg = Debug|Any CPU
		{F07A5BC3-3FF5-4597-A92C-762F4A443FDA}.Debug|Any CPU.Build.0 = Debug|Any CPU
		{F07A5BC3-3FF5-4597-A92C-762F4A443FDA}.Release|Any CPU.ActiveCfg = Release|Any CPU
		{F07A5BC3-3FF5-4597-A92C-762F4A443FDA}.Release|Any CPU.Build.0 = Release|Any CPU
		{FD7DDE2A-4BA4-438F-97D8-4150B2643DE5}.Debug|Any CPU.ActiveCfg = Debug|Any CPU
		{FD7DDE2A-4BA4-438F-97D8-4150B2643DE5}.Debug|Any CPU.Build.0 = Debug|Any CPU
		{FD7DDE2A-4BA4-438F-97D8-4150B2643DE5}.Release|Any CPU.ActiveCfg = Release|Any CPU
		{FD7DDE2A-4BA4-438F-97D8-4150B2643DE5}.Release|Any CPU.Build.0 = Release|Any CPU
		{6DC2267D-902A-48E0-A3F0-445EF73A1ADB}.Debug|Any CPU.ActiveCfg = Debug|Any CPU
		{6DC2267D-902A-48E0-A3F0-445EF73A1ADB}.Debug|Any CPU.Build.0 = Debug|Any CPU
		{6DC2267D-902A-48E0-A3F0-445EF73A1ADB}.Release|Any CPU.ActiveCfg = Release|Any CPU
		{6DC2267D-902A-48E0-A3F0-445EF73A1ADB}.Release|Any CPU.Build.0 = Release|Any CPU
	EndGlobalSection
	GlobalSection(SolutionProperties) = preSolution
		HideSolutionNode = FALSE
	EndGlobalSection
	GlobalSection(ExtensibilityGlobals) = postSolution
		SolutionGuid = {9620FBA1-EB0F-49F3-937D-BD8D356B6D27}
	EndGlobalSection
EndGlobal
